
Microsoft Visual Studio Solution File, Format Version 12.00
# Visual Studio Version 16
VisualStudioVersion = 16.0.29306.81
MinimumVisualStudioVersion = 10.0.40219.1
Project("{8BC9CEB8-8B4A-11D0-8D11-00A0C91BC942}") = "Trabalho_POO_NOvo", "Trabalho_POO_NOvo\Trabalho_POO_NOvo.vcxproj", "{AF441BCA-B663-4F7C-A0AF-D99330E1BDD4}"
EndProject
Global
	GlobalSection(SolutionConfigurationPlatforms) = preSolution
		Debug|x64 = Debug|x64
		Debug|x86 = Debug|x86
		Release|x64 = Release|x64
		Release|x86 = Release|x86
	EndGlobalSection
	GlobalSection(ProjectConfigurationPlatforms) = postSolution
		{AF441BCA-B663-4F7C-A0AF-D99330E1BDD4}.Debug|x64.ActiveCfg = Debug|x64
		{AF441BCA-B663-4F7C-A0AF-D99330E1BDD4}.Debug|x64.Build.0 = Debug|x64
		{AF441BCA-B663-4F7C-A0AF-D99330E1BDD4}.Debug|x86.ActiveCfg = Debug|Win32
		{AF441BCA-B663-4F7C-A0AF-D99330E1BDD4}.Debug|x86.Build.0 = Debug|Win32
		{AF441BCA-B663-4F7C-A0AF-D99330E1BDD4}.Release|x64.ActiveCfg = Release|x64
		{AF441BCA-B663-4F7C-A0AF-D99330E1BDD4}.Release|x64.Build.0 = Release|x64
		{AF441BCA-B663-4F7C-A0AF-D99330E1BDD4}.Release|x86.ActiveCfg = Release|Win32
		{AF441BCA-B663-4F7C-A0AF-D99330E1BDD4}.Release|x86.Build.0 = Release|Win32
	EndGlobalSection
	GlobalSection(SolutionProperties) = preSolution
		HideSolutionNode = FALSE
	EndGlobalSection
	GlobalSection(ExtensibilityGlobals) = postSolution
		SolutionGuid = {E7822A31-3249-4833-88FE-4A8766862C46}
	EndGlobalSection
EndGlobal
